// !$*UTF8*$!
{
	archiveVersion = 1;
	classes = {
	};
	objectVersion = 46;
	objects = {

/* Begin PBXBuildFile section */
		F6137F4E191F21BB008D78CD /* Foundation.framework in Frameworks */ = {isa = PBXBuildFile; fileRef = F6137F4D191F21BB008D78CD /* Foundation.framework */; };
		F6137F50191F21BB008D78CD /* CoreGraphics.framework in Frameworks */ = {isa = PBXBuildFile; fileRef = F6137F4F191F21BB008D78CD /* CoreGraphics.framework */; };
		F6137F52191F21BB008D78CD /* UIKit.framework in Frameworks */ = {isa = PBXBuildFile; fileRef = F6137F51191F21BB008D78CD /* UIKit.framework */; };
		F6137F58191F21BB008D78CD /* InfoPlist.strings in Resources */ = {isa = PBXBuildFile; fileRef = F6137F56191F21BB008D78CD /* InfoPlist.strings */; };
		F6137F5A191F21BB008D78CD /* main.m in Sources */ = {isa = PBXBuildFile; fileRef = F6137F59191F21BB008D78CD /* main.m */; };
		F6137F5E191F21BB008D78CD /* RotatedAppDelegate.m in Sources */ = {isa = PBXBuildFile; fileRef = F6137F5D191F21BB008D78CD /* RotatedAppDelegate.m */; };
		F6137F61191F21BB008D78CD /* Main_iPhone.storyboard in Resources */ = {isa = PBXBuildFile; fileRef = F6137F5F191F21BB008D78CD /* Main_iPhone.storyboard */; };
		F6137F64191F21BB008D78CD /* Main_iPad.storyboard in Resources */ = {isa = PBXBuildFile; fileRef = F6137F62191F21BB008D78CD /* Main_iPad.storyboard */; };
		F6137F67191F21BB008D78CD /* RotatedViewController.m in Sources */ = {isa = PBXBuildFile; fileRef = F6137F66191F21BB008D78CD /* RotatedViewController.m */; };
		F6137F69191F21BB008D78CD /* Images.xcassets in Resources */ = {isa = PBXBuildFile; fileRef = F6137F68191F21BB008D78CD /* Images.xcassets */; };
		F6137F70191F21BB008D78CD /* XCTest.framework in Frameworks */ = {isa = PBXBuildFile; fileRef = F6137F6F191F21BB008D78CD /* XCTest.framework */; };
		F6137F71191F21BB008D78CD /* Foundation.framework in Frameworks */ = {isa = PBXBuildFile; fileRef = F6137F4D191F21BB008D78CD /* Foundation.framework */; };
		F6137F72191F21BB008D78CD /* UIKit.framework in Frameworks */ = {isa = PBXBuildFile; fileRef = F6137F51191F21BB008D78CD /* UIKit.framework */; };
/* End PBXBuildFile section */

/* Begin PBXContainerItemProxy section */
		F6137F73191F21BB008D78CD /* PBXContainerItemProxy */ = {
			isa = PBXContainerItemProxy;
			containerPortal = F6137F42191F21BB008D78CD /* Project object */;
			proxyType = 1;
			remoteGlobalIDString = F6137F49191F21BB008D78CD;
			remoteInfo = RotateTableView;
		};
/* End PBXContainerItemProxy section */

/* Begin PBXFileReference section */
		F6137F4A191F21BB008D78CD /* RotatedTableView.app */ = {isa = PBXFileReference; explicitFileType = wrapper.application; includeInIndex = 0; path = RotatedTableView.app; sourceTree = BUILT_PRODUCTS_DIR; };
		F6137F4D191F21BB008D78CD /* Foundation.framework */ = {isa = PBXFileReference; lastKnownFileType = wrapper.framework; name = Foundation.framework; path = System/Library/Frameworks/Foundation.framework; sourceTree = SDKROOT; };
		F6137F4F191F21BB008D78CD /* CoreGraphics.framework */ = {isa = PBXFileReference; lastKnownFileType = wrapper.framework; name = CoreGraphics.framework; path = System/Library/Frameworks/CoreGraphics.framework; sourceTree = SDKROOT; };
		F6137F51191F21BB008D78CD /* UIKit.framework */ = {isa = PBXFileReference; lastKnownFileType = wrapper.framework; name = UIKit.framework; path = System/Library/Frameworks/UIKit.framework; sourceTree = SDKROOT; };
		F6137F55191F21BB008D78CD /* RotatedTableView-Info.plist */ = {isa = PBXFileReference; lastKnownFileType = text.plist.xml; path = "RotatedTableView-Info.plist"; sourceTree = "<group>"; };
		F6137F57191F21BB008D78CD /* en */ = {isa = PBXFileReference; lastKnownFileType = text.plist.strings; name = en; path = en.lproj/InfoPlist.strings; sourceTree = "<group>"; };
		F6137F59191F21BB008D78CD /* main.m */ = {isa = PBXFileReference; lastKnownFileType = sourcecode.c.objc; path = main.m; sourceTree = "<group>"; };
		F6137F5B191F21BB008D78CD /* RotatedTableView-Prefix.pch */ = {isa = PBXFileReference; lastKnownFileType = sourcecode.c.h; path = "RotatedTableView-Prefix.pch"; sourceTree = "<group>"; };
		F6137F5C191F21BB008D78CD /* RotatedAppDelegate.h */ = {isa = PBXFileReference; lastKnownFileType = sourcecode.c.h; path = RotatedAppDelegate.h; sourceTree = "<group>"; };
		F6137F5D191F21BB008D78CD /* RotatedAppDelegate.m */ = {isa = PBXFileReference; lastKnownFileType = sourcecode.c.objc; path = RotatedAppDelegate.m; sourceTree = "<group>"; };
		F6137F60191F21BB008D78CD /* Base */ = {isa = PBXFileReference; lastKnownFileType = file.storyboard; name = Base; path = Base.lproj/Main_iPhone.storyboard; sourceTree = "<group>"; };
		F6137F63191F21BB008D78CD /* Base */ = {isa = PBXFileReference; lastKnownFileType = file.storyboard; name = Base; path = Base.lproj/Main_iPad.storyboard; sourceTree = "<group>"; };
		F6137F65191F21BB008D78CD /* RotatedViewController.h */ = {isa = PBXFileReference; lastKnownFileType = sourcecode.c.h; path = RotatedViewController.h; sourceTree = "<group>"; };
		F6137F66191F21BB008D78CD /* RotatedViewController.m */ = {isa = PBXFileReference; lastKnownFileType = sourcecode.c.objc; path = RotatedViewController.m; sourceTree = "<group>"; };
		F6137F68191F21BB008D78CD /* Images.xcassets */ = {isa = PBXFileReference; lastKnownFileType = folder.assetcatalog; path = Images.xcassets; sourceTree = "<group>"; };
		F6137F6E191F21BB008D78CD /* RotatedTableViewTests.xctest */ = {isa = PBXFileReference; explicitFileType = wrapper.cfbundle; includeInIndex = 0; path = RotatedTableViewTests.xctest; sourceTree = BUILT_PRODUCTS_DIR; };
		F6137F6F191F21BB008D78CD /* XCTest.framework */ = {isa = PBXFileReference; lastKnownFileType = wrapper.framework; name = XCTest.framework; path = Library/Frameworks/XCTest.framework; sourceTree = DEVELOPER_DIR; };
/* End PBXFileReference section */

/* Begin PBXFrameworksBuildPhase section */
		F6137F47191F21BB008D78CD /* Frameworks */ = {
			isa = PBXFrameworksBuildPhase;
			buildActionMask = 2147483647;
			files = (
				F6137F50191F21BB008D78CD /* CoreGraphics.framework in Frameworks */,
				F6137F52191F21BB008D78CD /* UIKit.framework in Frameworks */,
				F6137F4E191F21BB008D78CD /* Foundation.framework in Frameworks */,
			);
			runOnlyForDeploymentPostprocessing = 0;
		};
		F6137F6B191F21BB008D78CD /* Frameworks */ = {
			isa = PBXFrameworksBuildPhase;
			buildActionMask = 2147483647;
			files = (
				F6137F70191F21BB008D78CD /* XCTest.framework in Frameworks */,
				F6137F72191F21BB008D78CD /* UIKit.framework in Frameworks */,
				F6137F71191F21BB008D78CD /* Foundation.framework in Frameworks */,
			);
			runOnlyForDeploymentPostprocessing = 0;
		};
/* End PBXFrameworksBuildPhase section */

/* Begin PBXGroup section */
		F6137F41191F21BB008D78CD = {
			isa = PBXGroup;
			children = (
				F6137F53191F21BB008D78CD /* RotatedTableView */,
				F6137F4C191F21BB008D78CD /* Frameworks */,
				F6137F4B191F21BB008D78CD /* Products */,
			);
			sourceTree = "<group>";
		};
		F6137F4B191F21BB008D78CD /* Products */ = {
			isa = PBXGroup;
			children = (
				F6137F4A191F21BB008D78CD /* RotatedTableView.app */,
				F6137F6E191F21BB008D78CD /* RotatedTableViewTests.xctest */,
			);
			name = Products;
			sourceTree = "<group>";
		};
		F6137F4C191F21BB008D78CD /* Frameworks */ = {
			isa = PBXGroup;
			children = (
				F6137F4D191F21BB008D78CD /* Foundation.framework */,
				F6137F4F191F21BB008D78CD /* CoreGraphics.framework */,
				F6137F51191F21BB008D78CD /* UIKit.framework */,
				F6137F6F191F21BB008D78CD /* XCTest.framework */,
			);
			name = Frameworks;
			sourceTree = "<group>";
		};
		F6137F53191F21BB008D78CD /* RotatedTableView */ = {
			isa = PBXGroup;
			children = (
				F6137F5C191F21BB008D78CD /* RotatedAppDelegate.h */,
				F6137F5D191F21BB008D78CD /* RotatedAppDelegate.m */,
				F6137F5F191F21BB008D78CD /* Main_iPhone.storyboard */,
				F6137F62191F21BB008D78CD /* Main_iPad.storyboard */,
				F6137F65191F21BB008D78CD /* RotatedViewController.h */,
				F6137F66191F21BB008D78CD /* RotatedViewController.m */,
				F6137F68191F21BB008D78CD /* Images.xcassets */,
				F6137F54191F21BB008D78CD /* Supporting Files */,
			);
			name = RotatedTableView;
			path = RotateTableView;
			sourceTree = "<group>";
		};
		F6137F54191F21BB008D78CD /* Supporting Files */ = {
			isa = PBXGroup;
			children = (
				F6137F55191F21BB008D78CD /* RotatedTableView-Info.plist */,
				F6137F56191F21BB008D78CD /* InfoPlist.strings */,
				F6137F59191F21BB008D78CD /* main.m */,
				F6137F5B191F21BB008D78CD /* RotatedTableView-Prefix.pch */,
			);
			name = "Supporting Files";
			sourceTree = "<group>";
		};
/* End PBXGroup section */

/* Begin PBXNativeTarget section */
		F6137F49191F21BB008D78CD /* RotatedTableView */ = {
			isa = PBXNativeTarget;
			buildConfigurationList = F6137F7F191F21BB008D78CD /* Build configuration list for PBXNativeTarget "RotatedTableView" */;
			buildPhases = (
				F6137F46191F21BB008D78CD /* Sources */,
				F6137F47191F21BB008D78CD /* Frameworks */,
				F6137F48191F21BB008D78CD /* Resources */,
			);
			buildRules = (
			);
			dependencies = (
			);
			name = RotatedTableView;
			productName = RotateTableView;
			productReference = F6137F4A191F21BB008D78CD /* RotatedTableView.app */;
			productType = "com.apple.product-type.application";
		};
		F6137F6D191F21BB008D78CD /* RotatedTableViewTests */ = {
			isa = PBXNativeTarget;
			buildConfigurationList = F6137F82191F21BB008D78CD /* Build configuration list for PBXNativeTarget "RotatedTableViewTests" */;
			buildPhases = (
				F6137F6A191F21BB008D78CD /* Sources */,
				F6137F6B191F21BB008D78CD /* Frameworks */,
				F6137F6C191F21BB008D78CD /* Resources */,
			);
			buildRules = (
			);
			dependencies = (
				F6137F74191F21BB008D78CD /* PBXTargetDependency */,
			);
			name = RotatedTableViewTests;
			productName = RotateTableViewTests;
			productReference = F6137F6E191F21BB008D78CD /* RotatedTableViewTests.xctest */;
			productType = "com.apple.product-type.bundle.unit-test";
		};
/* End PBXNativeTarget section */

/* Begin PBXProject section */
		F6137F42191F21BB008D78CD /* Project object */ = {
			isa = PBXProject;
			attributes = {
				CLASSPREFIX = Rotated;
				LastUpgradeCheck = 0510;
				ORGANIZATIONNAME = YI;
				TargetAttributes = {
					F6137F6D191F21BB008D78CD = {
						TestTargetID = F6137F49191F21BB008D78CD;
					};
				};
			};
			buildConfigurationList = F6137F45191F21BB008D78CD /* Build configuration list for PBXProject "RotatedTableView" */;
			compatibilityVersion = "Xcode 3.2";
			developmentRegion = English;
			hasScannedForEncodings = 0;
			knownRegions = (
				en,
				Base,
			);
			mainGroup = F6137F41191F21BB008D78CD;
			productRefGroup = F6137F4B191F21BB008D78CD /* Products */;
			projectDirPath = "";
			projectRoot = "";
			targets = (
				F6137F49191F21BB008D78CD /* RotatedTableView */,
				F6137F6D191F21BB008D78CD /* RotatedTableViewTests */,
			);
		};
/* End PBXProject section */

/* Begin PBXResourcesBuildPhase section */
		F6137F48191F21BB008D78CD /* Resources */ = {
			isa = PBXResourcesBuildPhase;
			buildActionMask = 2147483647;
			files = (
				F6137F64191F21BB008D78CD /* Main_iPad.storyboard in Resources */,
				F6137F69191F21BB008D78CD /* Images.xcassets in Resources */,
				F6137F61191F21BB008D78CD /* Main_iPhone.storyboard in Resources */,
				F6137F58191F21BB008D78CD /* InfoPlist.strings in Resources */,
			);
			runOnlyForDeploymentPostprocessing = 0;
		};
		F6137F6C191F21BB008D78CD /* Resources */ = {
			isa = PBXResourcesBuildPhase;
			buildActionMask = 2147483647;
			files = (
			);
			runOnlyForDeploymentPostprocessing = 0;
		};
/* End PBXResourcesBuildPhase section */

/* Begin PBXSourcesBuildPhase section */
		F6137F46191F21BB008D78CD /* Sources */ = {
			isa = PBXSourcesBuildPhase;
			buildActionMask = 2147483647;
			files = (
				F6137F67191F21BB008D78CD /* RotatedViewController.m in Sources */,
				F6137F5A191F21BB008D78CD /* main.m in Sources */,
				F6137F5E191F21BB008D78CD /* RotatedAppDelegate.m in Sources */,
			);
			runOnlyForDeploymentPostprocessing = 0;
		};
		F6137F6A191F21BB008D78CD /* Sources */ = {
			isa = PBXSourcesBuildPhase;
			buildActionMask = 2147483647;
			files = (
			);
			runOnlyForDeploymentPostprocessing = 0;
		};
/* End PBXSourcesBuildPhase section */

/* Begin PBXTargetDependency section */
		F6137F74191F21BB008D78CD /* PBXTargetDependency */ = {
			isa = PBXTargetDependency;
			target = F6137F49191F21BB008D78CD /* RotatedTableView */;
			targetProxy = F6137F73191F21BB008D78CD /* PBXContainerItemProxy */;
		};
/* End PBXTargetDependency section */

/* Begin PBXVariantGroup section */
		F6137F56191F21BB008D78CD /* InfoPlist.strings */ = {
			isa = PBXVariantGroup;
			children = (
				F6137F57191F21BB008D78CD /* en */,
			);
			name = InfoPlist.strings;
			sourceTree = "<group>";
		};
		F6137F5F191F21BB008D78CD /* Main_iPhone.storyboard */ = {
			isa = PBXVariantGroup;
			children = (
				F6137F60191F21BB008D78CD /* Base */,
			);
			name = Main_iPhone.storyboard;
			sourceTree = "<group>";
		};
		F6137F62191F21BB008D78CD /* Main_iPad.storyboard */ = {
			isa = PBXVariantGroup;
			children = (
				F6137F63191F21BB008D78CD /* Base */,
			);
			name = Main_iPad.storyboard;
			sourceTree = "<group>";
		};
/* End PBXVariantGroup section */

/* Begin XCBuildConfiguration section */
		F6137F7D191F21BB008D78CD /* Debug */ = {
			isa = XCBuildConfiguration;
			buildSettings = {
				ALWAYS_SEARCH_USER_PATHS = NO;
				CLANG_CXX_LANGUAGE_STANDARD = "gnu++0x";
				CLANG_CXX_LIBRARY = "libc++";
				CLANG_ENABLE_MODULES = YES;
				CLANG_ENABLE_OBJC_ARC = YES;
				CLANG_WARN_BOOL_CONVERSION = YES;
				CLANG_WARN_CONSTANT_CONVERSION = YES;
				CLANG_WARN_DIRECT_OBJC_ISA_USAGE = YES_ERROR;
				CLANG_WARN_EMPTY_BODY = YES;
				CLANG_WARN_ENUM_CONVERSION = YES;
				CLANG_WARN_INT_CONVERSION = YES;
				CLANG_WARN_OBJC_ROOT_CLASS = YES_ERROR;
				CLANG_WARN__DUPLICATE_METHOD_MATCH = YES;
				"CODE_SIGN_IDENTITY[sdk=iphoneos*]" = "iPhone Developer";
				COPY_PHASE_STRIP = NO;
				GCC_C_LANGUAGE_STANDARD = gnu99;
				GCC_DYNAMIC_NO_PIC = NO;
				GCC_OPTIMIZATION_LEVEL = 0;
				GCC_PREPROCESSOR_DEFINITIONS = (
					"DEBUG=1",
					"$(inherited)",
				);
				GCC_SYMBOLS_PRIVATE_EXTERN = NO;
				GCC_WARN_64_TO_32_BIT_CONVERSION = YES;
				GCC_WARN_ABOUT_RETURN_TYPE = YES_ERROR;
				GCC_WARN_UNDECLARED_SELECTOR = YES;
				GCC_WARN_UNINITIALIZED_AUTOS = YES_AGGRESSIVE;
				GCC_WARN_UNUSED_FUNCTION = YES;
				GCC_WARN_UNUSED_VARIABLE = YES;
				IPHONEOS_DEPLOYMENT_TARGET = 7.1;
				ONLY_ACTIVE_ARCH = YES;
				SDKROOT = iphoneos;
				TARGETED_DEVICE_FAMILY = "1,2";
			};
			name = Debug;
		};
		F6137F7E191F21BB008D78CD /* Release */ = {
			isa = XCBuildConfiguration;
			buildSettings = {
				ALWAYS_SEARCH_USER_PATHS = NO;
				CLANG_CXX_LANGUAGE_STANDARD = "gnu++0x";
				CLANG_CXX_LIBRARY = "libc++";
				CLANG_ENABLE_MODULES = YES;
				CLANG_ENABLE_OBJC_ARC = YES;
				CLANG_WARN_BOOL_CONVERSION = YES;
				CLANG_WARN_CONSTANT_CONVERSION = YES;
				CLANG_WARN_DIRECT_OBJC_ISA_USAGE = YES_ERROR;
				CLANG_WARN_EMPTY_BODY = YES;
				CLANG_WARN_ENUM_CONVERSION = YES;
				CLANG_WARN_INT_CONVERSION = YES;
				CLANG_WARN_OBJC_ROOT_CLASS = YES_ERROR;
				CLANG_WARN__DUPLICATE_METHOD_MATCH = YES;
				"CODE_SIGN_IDENTITY[sdk=iphoneos*]" = "iPhone Developer";
				COPY_PHASE_STRIP = YES;
				ENABLE_NS_ASSERTIONS = NO;
				GCC_C_LANGUAGE_STANDARD = gnu99;
				GCC_WARN_64_TO_32_BIT_CONVERSION = YES;
				GCC_WARN_ABOUT_RETURN_TYPE = YES_ERROR;
				GCC_WARN_UNDECLARED_SELECTOR = YES;
				GCC_WARN_UNINITIALIZED_AUTOS = YES_AGGRESSIVE;
				GCC_WARN_UNUSED_FUNCTION = YES;
				GCC_WARN_UNUSED_VARIABLE = YES;
				IPHONEOS_DEPLOYMENT_TARGET = 7.1;
				SDKROOT = iphoneos;
				TARGETED_DEVICE_FAMILY = "1,2";
				VALIDATE_PRODUCT = YES;
			};
			name = Release;
		};
		F6137F80191F21BB008D78CD /* Debug */ = {
			isa = XCBuildConfiguration;
			buildSettings = {
				ASSETCATALOG_COMPILER_APPICON_NAME = AppIcon;
				ASSETCATALOG_COMPILER_LAUNCHIMAGE_NAME = LaunchImage;
				GCC_PRECOMPILE_PREFIX_HEADER = YES;
				GCC_PREFIX_HEADER = "RotateTableView/RotatedTableView-Prefix.pch";
				INFOPLIST_FILE = "RotateTableView/RotatedTableView-Info.plist";
				PRODUCT_NAME = RotatedTableView;
				WRAPPER_EXTENSION = app;
			};
			name = Debug;
		};
		F6137F81191F21BB008D78CD /* Release */ = {
			isa = XCBuildConfiguration;
			buildSettings = {
				ASSETCATALOG_COMPILER_APPICON_NAME = AppIcon;
				ASSETCATALOG_COMPILER_LAUNCHIMAGE_NAME = LaunchImage;
				GCC_PRECOMPILE_PREFIX_HEADER = YES;
				GCC_PREFIX_HEADER = "RotateTableView/RotatedTableView-Prefix.pch";
				INFOPLIST_FILE = "RotateTableView/RotatedTableView-Info.plist";
				PRODUCT_NAME = RotatedTableView;
				WRAPPER_EXTENSION = app;
			};
			name = Release;
		};
		F6137F83191F21BB008D78CD /* Debug */ = {
			isa = XCBuildConfiguration;
			buildSettings = {
				BUNDLE_LOADER = "$(BUILT_PRODUCTS_DIR)/RotateTableView.app/RotateTableView";
				FRAMEWORK_SEARCH_PATHS = (
					"$(SDKROOT)/Developer/Library/Frameworks",
					"$(inherited)",
					"$(DEVELOPER_FRAMEWORKS_DIR)",
				);
				GCC_PRECOMPILE_PREFIX_HEADER = YES;
				GCC_PREFIX_HEADER = "RotateTableView/RotateTableView-Prefix.pch";
				GCC_PREPROCESSOR_DEFINITIONS = (
					"DEBUG=1",
					"$(inherited)",
				);
				INFOPLIST_FILE = "RotateTableViewTests/RotateTableViewTests-Info.plist";
				PRODUCT_NAME = RotatedTableViewTests;
				TEST_HOST = "$(BUNDLE_LOADER)";
				WRAPPER_EXTENSION = xctest;
			};
			name = Debug;
		};
		F6137F84191F21BB008D78CD /* Release */ = {
			isa = XCBuildConfiguration;
			buildSettings = {
				BUNDLE_LOADER = "$(BUILT_PRODUCTS_DIR)/RotateTableView.app/RotateTableView";
				FRAMEWORK_SEARCH_PATHS = (
					"$(SDKROOT)/Developer/Library/Frameworks",
					"$(inherited)",
					"$(DEVELOPER_FRAMEWORKS_DIR)",
				);
				GCC_PRECOMPILE_PREFIX_HEADER = YES;
				GCC_PREFIX_HEADER = "RotateTableView/RotateTableView-Prefix.pch";
				INFOPLIST_FILE = "RotateTableViewTests/RotateTableViewTests-Info.plist";
				PRODUCT_NAME = RotatedTableViewTests;
				TEST_HOST = "$(BUNDLE_LOADER)";
				WRAPPER_EXTENSION = xctest;
			};
			name = Release;
		};
/* End XCBuildConfiguration section */

/* Begin XCConfigurationList section */
		F6137F45191F21BB008D78CD /* Build configuration list for PBXProject "RotatedTableView" */ = {
			isa = XCConfigurationList;
			buildConfigurations = (
				F6137F7D191F21BB008D78CD /* Debug */,
				F6137F7E191F21BB008D78CD /* Release */,
			);
			defaultConfigurationIsVisible = 0;
			defaultConfigurationName = Release;
		};
		F6137F7F191F21BB008D78CD /* Build configuration list for PBXNativeTarget "RotatedTableView" */ = {
			isa = XCConfigurationList;
			buildConfigurations = (
				F6137F80191F21BB008D78CD /* Debug */,
				F6137F81191F21BB008D78CD /* Release */,
			);
			defaultConfigurationIsVisible = 0;
			defaultConfigurationName = Release;
		};
		F6137F82191F21BB008D78CD /* Build configuration list for PBXNativeTarget "RotatedTableViewTests" */ = {
			isa = XCConfigurationList;
			buildConfigurations = (
				F6137F83191F21BB008D78CD /* Debug */,
				F6137F84191F21BB008D78CD /* Release */,
			);
			defaultConfigurationIsVisible = 0;
			defaultConfigurationName = Release;
		};
/* End XCConfigurationList section */
	};
	rootObject = F6137F42191F21BB008D78CD /* Project object */;
}
